
Microsoft Visual Studio Solution File, Format Version 12.00
# Visual Studio Version 17
VisualStudioVersion = 17.1.32328.378
MinimumVisualStudioVersion = 10.0.40219.1
Project("{FAE04EC0-301F-11D3-BF4B-00C04F79EFBC}") = "Encryption.Tokenization", "Encryption.Tokenization\Encryption.Tokenization.csproj", "{144E977B-4B63-42A8-BBA1-8F1F6E81C20D}"
EndProject
Project("{FAE04EC0-301F-11D3-BF4B-00C04F79EFBC}") = "TestApp", "TestApp\TestApp.csproj", "{B165F7A9-1DE1-493D-BE45-1FA0B03E1EF7}"
EndProject
Global
	GlobalSection(SolutionConfigurationPlatforms) = preSolution
		Debug|Any CPU = Debug|Any CPU
		Release|Any CPU = Release|Any CPU
	EndGlobalSection
	GlobalSection(ProjectConfigurationPlatforms) = postSolution
		{144E977B-4B63-42A8-BBA1-8F1F6E81C20D}.Debug|Any CPU.ActiveCfg = Debug|Any CPU
		{144E977B-4B63-42A8-BBA1-8F1F6E81C20D}.Debug|Any CPU.Build.0 = Debug|Any CPU
		{144E977B-4B63-42A8-BBA1-8F1F6E81C20D}.Release|Any CPU.ActiveCfg = Release|Any CPU
		{144E977B-4B63-42A8-BBA1-8F1F6E81C20D}.Release|Any CPU.Build.0 = Release|Any CPU
		{B165F7A9-1DE1-493D-BE45-1FA0B03E1EF7}.Debug|Any CPU.ActiveCfg = Debug|Any CPU
		{B165F7A9-1DE1-493D-BE45-1FA0B03E1EF7}.Debug|Any CPU.Build.0 = Debug|Any CPU
		{B165F7A9-1DE1-493D-BE45-1FA0B03E1EF7}.Release|Any CPU.ActiveCfg = Release|Any CPU
		{B165F7A9-1DE1-493D-BE45-1FA0B03E1EF7}.Release|Any CPU.Build.0 = Release|Any CPU
	EndGlobalSection
	GlobalSection(SolutionProperties) = preSolution
		HideSolutionNode = FALSE
	EndGlobalSection
	GlobalSection(ExtensibilityGlobals) = postSolution
		SolutionGuid = {570807AD-F5AC-40A5-94D8-EC60DD0C07F9}
	EndGlobalSection
EndGlobal
